// !$*UTF8*$!
{
	archiveVersion = 1;
	classes = {
	};
	objectVersion = 46;
	objects = {

/* Begin PBXBuildFile section */
		6100D0F41B86E62F005AEF65 /* iPad2-58.png in Resources */ = {isa = PBXBuildFile; fileRef = 6100D0EF1B86E62F005AEF65 /* iPad2-58.png */; };
		6100D0F51B86E62F005AEF65 /* iPad2-80.png in Resources */ = {isa = PBXBuildFile; fileRef = 6100D0F01B86E62F005AEF65 /* iPad2-80.png */; };
		6100D0F61B86E62F005AEF65 /* iPad2-87.png in Resources */ = {isa = PBXBuildFile; fileRef = 6100D0F11B86E62F005AEF65 /* iPad2-87.png */; };
		6100D0F71B86E62F005AEF65 /* iPad2-120.png in Resources */ = {isa = PBXBuildFile; fileRef = 6100D0F21B86E62F005AEF65 /* iPad2-120.png */; };
		6100D0F81B86E62F005AEF65 /* iPad2-180.png in Resources */ = {isa = PBXBuildFile; fileRef = 6100D0F31B86E62F005AEF65 /* iPad2-180.png */; };
		6104420C1B44E9FC007D3C98 /* Search Property Filled-32.png in Resources */ = {isa = PBXBuildFile; fileRef = 6104420A1B44E9FC007D3C98 /* Search Property Filled-32.png */; };
		61051F301B57463A00755ED5 /* background3.png in Resources */ = {isa = PBXBuildFile; fileRef = 61051F2D1B57463A00755ED5 /* background3.png */; };
		61051F311B57463A00755ED5 /* background4.png in Resources */ = {isa = PBXBuildFile; fileRef = 61051F2E1B57463A00755ED5 /* background4.png */; };
		61051F321B57463A00755ED5 /* background5.png in Resources */ = {isa = PBXBuildFile; fileRef = 61051F2F1B57463A00755ED5 /* background5.png */; };
		6105322A1B8AC1690003C936 /* Plus Math-100.png in Resources */ = {isa = PBXBuildFile; fileRef = 610532291B8AC1690003C936 /* Plus Math-100.png */; };
		6105322E1B8ACC290003C936 /* shutterstock_196751174.jpg in Resources */ = {isa = PBXBuildFile; fileRef = 6105322D1B8ACC290003C936 /* shutterstock_196751174.jpg */; };
		6105832C1B4BAB4500274EEA /* ExamScoreViewCtrl.swift in Sources */ = {isa = PBXBuildFile; fileRef = 6105832B1B4BAB4500274EEA /* ExamScoreViewCtrl.swift */; };
		61072AD51B2E9E2A00554885 /* ss.swift in Sources */ = {isa = PBXBuildFile; fileRef = 61072AD41B2E9E2A00554885 /* ss.swift */; };
		61072AD71B2EB25700554885 /* ee.swift in Sources */ = {isa = PBXBuildFile; fileRef = 61072AD61B2EB25700554885 /* ee.swift */; };
		61076A5D1B5F3E5A00A0CC4C /* MessageViewCtrl.swift in Sources */ = {isa = PBXBuildFile; fileRef = 61076A5C1B5F3E5A00A0CC4C /* MessageViewCtrl.swift */; };
		610882C41B8C067000CEBBE5 /* ScanCodeViewCtrl.swift in Sources */ = {isa = PBXBuildFile; fileRef = 610882C31B8C067000CEBBE5 /* ScanCodeViewCtrl.swift */; };
		610882C61B8C0A9700CEBBE5 /* childBackground.jpg in Resources */ = {isa = PBXBuildFile; fileRef = 610882C51B8C0A9700CEBBE5 /* childBackground.jpg */; };
		610B1A751B4CCCA400E3724D /* Paper Filled-50.png in Resources */ = {isa = PBXBuildFile; fileRef = 610B1A741B4CCCA400E3724D /* Paper Filled-50.png */; };
		610C7EFD1B61E0B7001F7C4E /* KeyChain.swift in Sources */ = {isa = PBXBuildFile; fileRef = 610C7EFC1B61E0B7001F7C4E /* KeyChain.swift */; };
		610CB0921B5523E80051EC76 /* Age-25.png in Resources */ = {isa = PBXBuildFile; fileRef = 610CB0901B5523E80051EC76 /* Age-25.png */; };
		610CB0931B5523E80051EC76 /* Edit Property-25.png in Resources */ = {isa = PBXBuildFile; fileRef = 610CB0911B5523E80051EC76 /* Edit Property-25.png */; };
		610E0A501B53568900186BF3 /* Menu Filled-25.png in Resources */ = {isa = PBXBuildFile; fileRef = 610E0A4D1B53568900186BF3 /* Menu Filled-25.png */; };
		610E0A541B537AC600186BF3 /* StudentDetailViewCtrl.swift in Sources */ = {isa = PBXBuildFile; fileRef = 610E0A531B537AC600186BF3 /* StudentDetailViewCtrl.swift */; };
		610EA13F1B8EC0A700EB54B0 /* PurchaseViewCtrl.swift in Sources */ = {isa = PBXBuildFile; fileRef = 610EA13E1B8EC0A700EB54B0 /* PurchaseViewCtrl.swift */; };
		6112A2301B46355300DA4E77 /* SemesterScoreViewCtrl.swift in Sources */ = {isa = PBXBuildFile; fileRef = 6112A22F1B46355300DA4E77 /* SemesterScoreViewCtrl.swift */; };
		6112A2321B4637F900DA4E77 /* Elective Filled-50.png in Resources */ = {isa = PBXBuildFile; fileRef = 6112A2311B4637F900DA4E77 /* Elective Filled-50.png */; };
		6114855F1B65EB6000B54BBB /* ic_ischool.png in Resources */ = {isa = PBXBuildFile; fileRef = 6114855E1B65EB6000B54BBB /* ic_ischool.png */; };
		611485611B65EEA400B54BBB /* NotificationService.swift in Sources */ = {isa = PBXBuildFile; fileRef = 611485601B65EEA400B54BBB /* NotificationService.swift */; };
		6114C8FE1B43A2A800C73E5E /* Courses-32.png in Resources */ = {isa = PBXBuildFile; fileRef = 6114C8FA1B43A2A800C73E5E /* Courses-32.png */; };
		6114C8FF1B43A2A800C73E5E /* Diploma-32.png in Resources */ = {isa = PBXBuildFile; fileRef = 6114C8FB1B43A2A800C73E5E /* Diploma-32.png */; };
		6114C9001B43A2A800C73E5E /* Purchase Order-32.png in Resources */ = {isa = PBXBuildFile; fileRef = 6114C8FC1B43A2A800C73E5E /* Purchase Order-32.png */; };
		6114C9011B43A2A800C73E5E /* Today-32.png in Resources */ = {isa = PBXBuildFile; fileRef = 6114C8FD1B43A2A800C73E5E /* Today-32.png */; };
		611660701B9552AF0032458B /* Expensive 2-50.png in Resources */ = {isa = PBXBuildFile; fileRef = 6116606F1B9552AF0032458B /* Expensive 2-50.png */; };
		61196D141B8EED0A0004092D /* StoreKit.framework in Frameworks */ = {isa = PBXBuildFile; fileRef = 61196D131B8EED0A0004092D /* StoreKit.framework */; };
		612123ED1B411525000AA07D /* User-100.png in Resources */ = {isa = PBXBuildFile; fileRef = 612123EC1B411525000AA07D /* User-100.png */; };
		612123F11B412A3B000AA07D /* Phone-32.png in Resources */ = {isa = PBXBuildFile; fileRef = 612123F01B412A3B000AA07D /* Phone-32.png */; };
		612123F31B412BBB000AA07D /* StudentInfoViewCtrl.swift in Sources */ = {isa = PBXBuildFile; fileRef = 612123F21B412BBB000AA07D /* StudentInfoViewCtrl.swift */; };
		612D05201B6A3048002E1239 /* Menu-24.png in Resources */ = {isa = PBXBuildFile; fileRef = 612D051F1B6A3048002E1239 /* Menu-24.png */; };
		61339E531BB29E9200757A46 /* KYCircularProgress.swift in Sources */ = {isa = PBXBuildFile; fileRef = 61339E521BB29E9200757A46 /* KYCircularProgress.swift */; };
		6136ED5D1B3D0C560049E632 /* PrepareViewCtrl.swift in Sources */ = {isa = PBXBuildFile; fileRef = 6136ED5C1B3D0C560049E632 /* PrepareViewCtrl.swift */; };
		613C58791B2AB1CE00461072 /* CustomCell.swift in Sources */ = {isa = PBXBuildFile; fileRef = 613C58781B2AB1CE00461072 /* CustomCell.swift */; };
		613C58811B2AC27D00461072 /* DetailViewCtrl.swift in Sources */ = {isa = PBXBuildFile; fileRef = 613C58801B2AC27D00461072 /* DetailViewCtrl.swift */; };
		613C58831B2ACDDD00461072 /* Leave Filled-50.png in Resources */ = {isa = PBXBuildFile; fileRef = 613C58821B2ACDDD00461072 /* Leave Filled-50.png */; };
		613C58851B2AD92100461072 /* Star Filled-50.png in Resources */ = {isa = PBXBuildFile; fileRef = 613C58841B2AD92100461072 /* Star Filled-50.png */; };
		613E8B0D1B9436930020228E /* Cash Register Filled-32.png in Resources */ = {isa = PBXBuildFile; fileRef = 613E8B0C1B9436930020228E /* Cash Register Filled-32.png */; };
		613E8B0F1B94375C0020228E /* Coins-50.png in Resources */ = {isa = PBXBuildFile; fileRef = 613E8B0E1B94375C0020228E /* Coins-50.png */; };
		613E8B111B943C4A0020228E /* PaymentViewCtrl.swift in Sources */ = {isa = PBXBuildFile; fileRef = 613E8B101B943C4A0020228E /* PaymentViewCtrl.swift */; };
		614E45AC1B96CAD600DFE1F9 /* IAPManager.swift in Sources */ = {isa = PBXBuildFile; fileRef = 614E45AB1B96CAD600DFE1F9 /* IAPManager.swift */; };
		615BB2581B3BD47F00864052 /* DSUtil.swift in Sources */ = {isa = PBXBuildFile; fileRef = 615BB2571B3BD47F00864052 /* DSUtil.swift */; };
		615BB25A1B3BD4F800864052 /* HttpClient.swift in Sources */ = {isa = PBXBuildFile; fileRef = 615BB2591B3BD4F800864052 /* HttpClient.swift */; };
		615BB25C1B3BD80300864052 /* Util.swift in Sources */ = {isa = PBXBuildFile; fileRef = 615BB25B1B3BD80300864052 /* Util.swift */; };
		615BB25E1B3BDFDC00864052 /* LoginViewCtrl.swift in Sources */ = {isa = PBXBuildFile; fileRef = 615BB25D1B3BDFDC00864052 /* LoginViewCtrl.swift */; };
		615BB2601B3BE3FC00864052 /* OAuthHelper.swift in Sources */ = {isa = PBXBuildFile; fileRef = 615BB25F1B3BE3FC00864052 /* OAuthHelper.swift */; };
		615BB2621B3BE43100864052 /* SwiftyJSON.swift in Sources */ = {isa = PBXBuildFile; fileRef = 615BB2611B3BE43100864052 /* SwiftyJSON.swift */; };
		615BB2641B3BFC5A00864052 /* Global.swift in Sources */ = {isa = PBXBuildFile; fileRef = 615BB2631B3BFC5A00864052 /* Global.swift */; };
		6173AACF1B5791190049EB63 /* Find User Filled-32.png in Resources */ = {isa = PBXBuildFile; fileRef = 6173AACC1B5791190049EB63 /* Find User Filled-32.png */; };
		6173AAD11B5791190049EB63 /* Settings Filled-32.png in Resources */ = {isa = PBXBuildFile; fileRef = 6173AACE1B5791190049EB63 /* Settings Filled-32.png */; };
		6173AAD31B5791860049EB63 /* Message Filled-32.png in Resources */ = {isa = PBXBuildFile; fileRef = 6173AAD21B5791860049EB63 /* Message Filled-32.png */; };
		6173AAD51B5797920049EB63 /* sidebackground.jpg in Resources */ = {isa = PBXBuildFile; fileRef = 6173AAD41B5797920049EB63 /* sidebackground.jpg */; };
		6173AAD71B57A9930049EB63 /* DisplayViewCtrl.swift in Sources */ = {isa = PBXBuildFile; fileRef = 6173AAD61B57A9930049EB63 /* DisplayViewCtrl.swift */; };
		61763E3A1B2ECD3A004A0DCD /* oneAdminTeacher.xcdatamodeld in Sources */ = {isa = PBXBuildFile; fileRef = 61763E381B2ECD3A004A0DCD /* oneAdminTeacher.xcdatamodeld */; };
		617F32311B60F90100A03CD6 /* Message Filled-50.png in Resources */ = {isa = PBXBuildFile; fileRef = 617F32301B60F90100A03CD6 /* Message Filled-50.png */; };
		6189CFA71B3D43B00098AAD7 /* SchoolOptionsView.swift in Sources */ = {isa = PBXBuildFile; fileRef = 6189CFA61B3D43B00098AAD7 /* SchoolOptionsView.swift */; };
		619A056D1B8C790A0030276C /* KeyinViewCtrl.swift in Sources */ = {isa = PBXBuildFile; fileRef = 619A056C1B8C790A0030276C /* KeyinViewCtrl.swift */; };
		619C5EDA1B43C5500019C284 /* AttendanceViewCtrl.swift in Sources */ = {isa = PBXBuildFile; fileRef = 619C5ED91B43C5500019C284 /* AttendanceViewCtrl.swift */; };
		619D31E31B451647008409F9 /* DisciplineViewCtrl.swift in Sources */ = {isa = PBXBuildFile; fileRef = 619D31E21B451647008409F9 /* DisciplineViewCtrl.swift */; };
		619EA1D81B5F8F4500EE4BE7 /* MessageDetailViewCtrl.swift in Sources */ = {isa = PBXBuildFile; fileRef = 619EA1D71B5F8F4500EE4BE7 /* MessageDetailViewCtrl.swift */; };
		61ABA7F01B4FB88B0071F9D4 /* MMDrawerBarButtonItem.m in Sources */ = {isa = PBXBuildFile; fileRef = 61ABA7E81B4FB88B0071F9D4 /* MMDrawerBarButtonItem.m */; };
		61ABA7F11B4FB88B0071F9D4 /* MMDrawerController.m in Sources */ = {isa = PBXBuildFile; fileRef = 61ABA7EA1B4FB88B0071F9D4 /* MMDrawerController.m */; };
		61ABA7F21B4FB88B0071F9D4 /* MMDrawerVisualState.m in Sources */ = {isa = PBXBuildFile; fileRef = 61ABA7ED1B4FB88B0071F9D4 /* MMDrawerVisualState.m */; };
		61ABA7F31B4FB88B0071F9D4 /* UIViewController+MMDrawerController.m in Sources */ = {isa = PBXBuildFile; fileRef = 61ABA7EF1B4FB88B0071F9D4 /* UIViewController+MMDrawerController.m */; };
		61ABA7F51B4FB92C0071F9D4 /* SideMenuViewCtrl.swift in Sources */ = {isa = PBXBuildFile; fileRef = 61ABA7F41B4FB92C0071F9D4 /* SideMenuViewCtrl.swift */; };
		61ABA7F71B4FC7C70071F9D4 /* ClassViewCtrl.swift in Sources */ = {isa = PBXBuildFile; fileRef = 61ABA7F61B4FC7C70071F9D4 /* ClassViewCtrl.swift */; };
		61B545661B426FC00099FB4B /* AdvanceInfoViewCtrl.swift in Sources */ = {isa = PBXBuildFile; fileRef = 61B545651B426FC00099FB4B /* AdvanceInfoViewCtrl.swift */; };
		61C513ED1B5CFD4700921D2A /* CourseScoreViewCtrl.swift in Sources */ = {isa = PBXBuildFile; fileRef = 61C513EC1B5CFD4700921D2A /* CourseScoreViewCtrl.swift */; };
		61C5E58C1B4BDF5E008F1DEF /* CommonStruct.swift in Sources */ = {isa = PBXBuildFile; fileRef = 61C5E58B1B4BDF5E008F1DEF /* CommonStruct.swift */; };
		61C5E58E1B4BE15A008F1DEF /* StudentCoreData.swift in Sources */ = {isa = PBXBuildFile; fileRef = 61C5E58D1B4BE15A008F1DEF /* StudentCoreData.swift */; };
		61C5E5901B4BE19E008F1DEF /* Extension.swift in Sources */ = {isa = PBXBuildFile; fileRef = 61C5E58F1B4BE19E008F1DEF /* Extension.swift */; };
		61C8F2031B870798003387C0 /* ChildListViewCtrl.swift in Sources */ = {isa = PBXBuildFile; fileRef = 61C8F2021B870798003387C0 /* ChildListViewCtrl.swift */; };
		61CA692E1B5E5B1F002D2842 /* SystemConfiguration.framework in Frameworks */ = {isa = PBXBuildFile; fileRef = 61CA692D1B5E5B1F002D2842 /* SystemConfiguration.framework */; };
		61CA69301B5E5B2F002D2842 /* AudioToolbox.framework in Frameworks */ = {isa = PBXBuildFile; fileRef = 61CA692F1B5E5B2F002D2842 /* AudioToolbox.framework */; };
		61CA69321B5E5B3C002D2842 /* libstdc++.6.dylib in Frameworks */ = {isa = PBXBuildFile; fileRef = 61CA69311B5E5B3C002D2842 /* libstdc++.6.dylib */; };
		61CA69341B5E5B44002D2842 /* libsqlite3.dylib in Frameworks */ = {isa = PBXBuildFile; fileRef = 61CA69331B5E5B44002D2842 /* libsqlite3.dylib */; };
		61CA693B1B5E5D27002D2842 /* Bolts.framework in Frameworks */ = {isa = PBXBuildFile; fileRef = 61CA69351B5E5D27002D2842 /* Bolts.framework */; };
		61CA693C1B5E5D27002D2842 /* Parse.framework in Frameworks */ = {isa = PBXBuildFile; fileRef = 61CA69361B5E5D27002D2842 /* Parse.framework */; };
		61CA693D1B5E5D27002D2842 /* ParseCrashReporting.framework in Frameworks */ = {isa = PBXBuildFile; fileRef = 61CA69371B5E5D27002D2842 /* ParseCrashReporting.framework */; };
		61CA693E1B5E5D27002D2842 /* ParseFacebookUtils.framework in Frameworks */ = {isa = PBXBuildFile; fileRef = 61CA69381B5E5D27002D2842 /* ParseFacebookUtils.framework */; };
		61CA693F1B5E5D27002D2842 /* ParseFacebookUtilsV4.framework in Frameworks */ = {isa = PBXBuildFile; fileRef = 61CA69391B5E5D27002D2842 /* ParseFacebookUtilsV4.framework */; };
		61CA69401B5E5D27002D2842 /* ParseUI.framework in Frameworks */ = {isa = PBXBuildFile; fileRef = 61CA693A1B5E5D27002D2842 /* ParseUI.framework */; };
		61DACF6F1B6225FF001D5633 /* MessageCoreData.swift in Sources */ = {isa = PBXBuildFile; fileRef = 61DACF6E1B6225FF001D5633 /* MessageCoreData.swift */; };
		61E308D71B2A997400BE36D0 /* Classroom Filled-50.png in Resources */ = {isa = PBXBuildFile; fileRef = 61E308D51B2A997400BE36D0 /* Classroom Filled-50.png */; };
		61E574721B85B56E00D2BD21 /* Message Filled-32 White.png in Resources */ = {isa = PBXBuildFile; fileRef = 61E5746D1B85B56E00D2BD21 /* Message Filled-32 White.png */; };
		61E574731B85B56E00D2BD21 /* Starred Ticket Filled-25.png in Resources */ = {isa = PBXBuildFile; fileRef = 61E5746E1B85B56E00D2BD21 /* Starred Ticket Filled-25.png */; };
		61E574741B85B56E00D2BD21 /* Starred Ticket Filled-32.png in Resources */ = {isa = PBXBuildFile; fileRef = 61E5746F1B85B56E00D2BD21 /* Starred Ticket Filled-32.png */; };
		61E574751B85B56E00D2BD21 /* Starred Ticket-25.png in Resources */ = {isa = PBXBuildFile; fileRef = 61E574701B85B56E00D2BD21 /* Starred Ticket-25.png */; };
		61E574761B85B56E00D2BD21 /* Starred Ticket-32.png in Resources */ = {isa = PBXBuildFile; fileRef = 61E574711B85B56E00D2BD21 /* Starred Ticket-32.png */; };
		61E574781B85B64900D2BD21 /* OutboxSendViewCtrl.swift in Sources */ = {isa = PBXBuildFile; fileRef = 61E574771B85B64900D2BD21 /* OutboxSendViewCtrl.swift */; };
		61E5747A1B85C03C00D2BD21 /* Menu 2-26.png in Resources */ = {isa = PBXBuildFile; fileRef = 61E574791B85C03C00D2BD21 /* Menu 2-26.png */; };
		61E5747C1B85C22000D2BD21 /* SelectTeacherPageViewCtrl.swift in Sources */ = {isa = PBXBuildFile; fileRef = 61E5747B1B85C22000D2BD21 /* SelectTeacherPageViewCtrl.swift */; };
		61E5747E1B85C2E900D2BD21 /* WatchReaderListViewCtrl.swift in Sources */ = {isa = PBXBuildFile; fileRef = 61E5747D1B85C2E900D2BD21 /* WatchReaderListViewCtrl.swift */; };
		61E574801B85C36900D2BD21 /* OptionSettingViewCtrl.swift in Sources */ = {isa = PBXBuildFile; fileRef = 61E5747F1B85C36900D2BD21 /* OptionSettingViewCtrl.swift */; };
		61E574821B85C38200D2BD21 /* OptionEditViewCtrl.swift in Sources */ = {isa = PBXBuildFile; fileRef = 61E574811B85C38200D2BD21 /* OptionEditViewCtrl.swift */; };
		61E574841B85C3E800D2BD21 /* ChartViewCtrl.swift in Sources */ = {isa = PBXBuildFile; fileRef = 61E574831B85C3E800D2BD21 /* ChartViewCtrl.swift */; };
		61E5748F1B85C47100D2BD21 /* PDBarChart.swift in Sources */ = {isa = PBXBuildFile; fileRef = 61E574871B85C47100D2BD21 /* PDBarChart.swift */; };
		61E574901B85C47100D2BD21 /* PDChart.swift in Sources */ = {isa = PBXBuildFile; fileRef = 61E574881B85C47100D2BD21 /* PDChart.swift */; };
		61E574911B85C47100D2BD21 /* PDChartAxesComponent.swift in Sources */ = {isa = PBXBuildFile; fileRef = 61E5748A1B85C47100D2BD21 /* PDChartAxesComponent.swift */; };
		61E574921B85C47100D2BD21 /* PDLineChart.swift in Sources */ = {isa = PBXBuildFile; fileRef = 61E5748C1B85C47100D2BD21 /* PDLineChart.swift */; };
		61E574931B85C47100D2BD21 /* PDPieChart.swift in Sources */ = {isa = PBXBuildFile; fileRef = 61E5748E1B85C47100D2BD21 /* PDPieChart.swift */; };
		61E9D70D1B56513B00D36552 /* Add User-25.png in Resources */ = {isa = PBXBuildFile; fileRef = 61E9D70C1B56513B00D36552 /* Add User-25.png */; };
		61E9D70F1B5656AC00D36552 /* background.png in Resources */ = {isa = PBXBuildFile; fileRef = 61E9D70E1B5656AC00D36552 /* background.png */; };
		61E9D7111B566C0600D36552 /* background2.png in Resources */ = {isa = PBXBuildFile; fileRef = 61E9D7101B566C0600D36552 /* background2.png */; };
		61F550891B2A768900E26A5D /* AppDelegate.swift in Sources */ = {isa = PBXBuildFile; fileRef = 61F550881B2A768900E26A5D /* AppDelegate.swift */; };
		61F5508B1B2A768900E26A5D /* FirstViewController.swift in Sources */ = {isa = PBXBuildFile; fileRef = 61F5508A1B2A768900E26A5D /* FirstViewController.swift */; };
		61F5508D1B2A768900E26A5D /* SecondViewController.swift in Sources */ = {isa = PBXBuildFile; fileRef = 61F5508C1B2A768900E26A5D /* SecondViewController.swift */; };
		61F550901B2A768900E26A5D /* Main.storyboard in Resources */ = {isa = PBXBuildFile; fileRef = 61F5508E1B2A768900E26A5D /* Main.storyboard */; };
		61F550921B2A768900E26A5D /* Images.xcassets in Resources */ = {isa = PBXBuildFile; fileRef = 61F550911B2A768900E26A5D /* Images.xcassets */; };
		61F550951B2A768900E26A5D /* LaunchScreen.xib in Resources */ = {isa = PBXBuildFile; fileRef = 61F550931B2A768900E26A5D /* LaunchScreen.xib */; };
		61F550A11B2A768900E26A5D /* oneAdminTeacherTests.swift in Sources */ = {isa = PBXBuildFile; fileRef = 61F550A01B2A768900E26A5D /* oneAdminTeacherTests.swift */; };
		61F550B01B2A7F5400E26A5D /* StudentViewCtrl.swift in Sources */ = {isa = PBXBuildFile; fileRef = 61F550AF1B2A7F5400E26A5D /* StudentViewCtrl.swift */; };
		61FE92E41B58B8BA003BABFE /* Down 4-25.png in Resources */ = {isa = PBXBuildFile; fileRef = 61FE92E21B58B8BA003BABFE /* Down 4-25.png */; };
		61FE92E51B58B8BA003BABFE /* Up 4-25.png in Resources */ = {isa = PBXBuildFile; fileRef = 61FE92E31B58B8BA003BABFE /* Up 4-25.png */; };
		61FEC8EB1B678DE80095C52B /* default photo.jpg in Resources */ = {isa = PBXBuildFile; fileRef = 61FEC8EA1B678DE80095C52B /* default photo.jpg */; };
/* End PBXBuildFile section */

/* Begin PBXContainerItemProxy section */
		61F5509B1B2A768900E26A5D /* PBXContainerItemProxy */ = {
			isa = PBXContainerItemProxy;
			containerPortal = 61F5507B1B2A768900E26A5D /* Project object */;
			proxyType = 1;
			remoteGlobalIDString = 61F550821B2A768900E26A5D;
			remoteInfo = oneAdminTeacher;
		};
/* End PBXContainerItemProxy section */

/* Begin PBXFileReference section */
		6100D0EF1B86E62F005AEF65 /* iPad2-58.png */ = {isa = PBXFileReference; lastKnownFileType = image.png; name = "iPad2-58.png"; path = "icon/sizes/iPad2-58.png"; sourceTree = SOURCE_ROOT; };
		6100D0F01B86E62F005AEF65 /* iPad2-80.png */ = {isa = PBXFileReference; lastKnownFileType = image.png; name = "iPad2-80.png"; path = "icon/sizes/iPad2-80.png"; sourceTree = SOURCE_ROOT; };
		6100D0F11B86E62F005AEF65 /* iPad2-87.png */ = {isa = PBXFileReference; lastKnownFileType = image.png; name = "iPad2-87.png"; path = "icon/sizes/iPad2-87.png"; sourceTree = SOURCE_ROOT; };
		6100D0F21B86E62F005AEF65 /* iPad2-120.png */ = {isa = PBXFileReference; lastKnownFileType = image.png; name = "iPad2-120.png"; path = "icon/sizes/iPad2-120.png"; sourceTree = SOURCE_ROOT; };
		6100D0F31B86E62F005AEF65 /* iPad2-180.png */ = {isa = PBXFileReference; lastKnownFileType = image.png; name = "iPad2-180.png"; path = "icon/sizes/iPad2-180.png"; sourceTree = SOURCE_ROOT; };
		6104420A1B44E9FC007D3C98 /* Search Property Filled-32.png */ = {isa = PBXFileReference; lastKnownFileType = image.png; name = "Search Property Filled-32.png"; path = "icon/Search Property Filled-32.png"; sourceTree = SOURCE_ROOT; };
		61051F2D1B57463A00755ED5 /* background3.png */ = {isa = PBXFileReference; lastKnownFileType = image.png; name = background3.png; path = image/background3.png; sourceTree = SOURCE_ROOT; };
		61051F2E1B57463A00755ED5 /* background4.png */ = {isa = PBXFileReference; lastKnownFileType = image.png; name = background4.png; path = image/background4.png; sourceTree = SOURCE_ROOT; };
		61051F2F1B57463A00755ED5 /* background5.png */ = {isa = PBXFileReference; lastKnownFileType = image.png; name = background5.png; path = image/background5.png; sourceTree = SOURCE_ROOT; };
		610532291B8AC1690003C936 /* Plus Math-100.png */ = {isa = PBXFileReference; lastKnownFileType = image.png; name = "Plus Math-100.png"; path = "icon/Plus Math-100.png"; sourceTree = SOURCE_ROOT; };
		6105322D1B8ACC290003C936 /* shutterstock_196751174.jpg */ = {isa = PBXFileReference; lastKnownFileType = image.jpeg; name = shutterstock_196751174.jpg; path = image/shutterstock_196751174.jpg; sourceTree = SOURCE_ROOT; };
		6105832B1B4BAB4500274EEA /* ExamScoreViewCtrl.swift */ = {isa = PBXFileReference; fileEncoding = 4; lastKnownFileType = sourcecode.swift; path = ExamScoreViewCtrl.swift; sourceTree = "<group>"; };
		61072AD41B2E9E2A00554885 /* ss.swift */ = {isa = PBXFileReference; fileEncoding = 4; lastKnownFileType = sourcecode.swift; path = ss.swift; sourceTree = "<group>"; };
		61072AD61B2EB25700554885 /* ee.swift */ = {isa = PBXFileReference; fileEncoding = 4; lastKnownFileType = sourcecode.swift; path = ee.swift; sourceTree = "<group>"; };
		61076A5C1B5F3E5A00A0CC4C /* MessageViewCtrl.swift */ = {isa = PBXFileReference; fileEncoding = 4; lastKnownFileType = sourcecode.swift; path = MessageViewCtrl.swift; sourceTree = "<group>"; };
		610882C31B8C067000CEBBE5 /* ScanCodeViewCtrl.swift */ = {isa = PBXFileReference; fileEncoding = 4; lastKnownFileType = sourcecode.swift; path = ScanCodeViewCtrl.swift; sourceTree = "<group>"; };
		610882C51B8C0A9700CEBBE5 /* childBackground.jpg */ = {isa = PBXFileReference; lastKnownFileType = image.jpeg; name = childBackground.jpg; path = image/childBackground.jpg; sourceTree = SOURCE_ROOT; };
		610B1A741B4CCCA400E3724D /* Paper Filled-50.png */ = {isa = PBXFileReference; lastKnownFileType = image.png; name = "Paper Filled-50.png"; path = "icon/Paper Filled-50.png"; sourceTree = SOURCE_ROOT; };
		610C7EFC1B61E0B7001F7C4E /* KeyChain.swift */ = {isa = PBXFileReference; fileEncoding = 4; lastKnownFileType = sourcecode.swift; name = KeyChain.swift; path = oneAdminTeacher/KeyChain.swift; sourceTree = "<group>"; };
		610CB0901B5523E80051EC76 /* Age-25.png */ = {isa = PBXFileReference; lastKnownFileType = image.png; name = "Age-25.png"; path = "icon/Age-25.png"; sourceTree = SOURCE_ROOT; };
		610CB0911B5523E80051EC76 /* Edit Property-25.png */ = {isa = PBXFileReference; lastKnownFileType = image.png; name = "Edit Property-25.png"; path = "icon/Edit Property-25.png"; sourceTree = SOURCE_ROOT; };
		610E0A4D1B53568900186BF3 /* Menu Filled-25.png */ = {isa = PBXFileReference; lastKnownFileType = image.png; name = "Menu Filled-25.png"; path = "icon/Menu Filled-25.png"; sourceTree = SOURCE_ROOT; };
		610E0A531B537AC600186BF3 /* StudentDetailViewCtrl.swift */ = {isa = PBXFileReference; fileEncoding = 4; lastKnownFileType = sourcecode.swift; path = StudentDetailViewCtrl.swift; sourceTree = "<group>"; };
		610EA13E1B8EC0A700EB54B0 /* PurchaseViewCtrl.swift */ = {isa = PBXFileReference; fileEncoding = 4; lastKnownFileType = sourcecode.swift; path = PurchaseViewCtrl.swift; sourceTree = "<group>"; };
		6112A22F1B46355300DA4E77 /* SemesterScoreViewCtrl.swift */ = {isa = PBXFileReference; fileEncoding = 4; lastKnownFileType = sourcecode.swift; path = SemesterScoreViewCtrl.swift; sourceTree = "<group>"; };
		6112A2311B4637F900DA4E77 /* Elective Filled-50.png */ = {isa = PBXFileReference; lastKnownFileType = image.png; name = "Elective Filled-50.png"; path = "icon/Elective Filled-50.png"; sourceTree = SOURCE_ROOT; };
		6114855E1B65EB6000B54BBB /* ic_ischool.png */ = {isa = PBXFileReference; lastKnownFileType = image.png; name = ic_ischool.png; path = icon/ic_ischool.png; sourceTree = SOURCE_ROOT; };
		611485601B65EEA400B54BBB /* NotificationService.swift */ = {isa = PBXFileReference; fileEncoding = 4; lastKnownFileType = sourcecode.swift; path = NotificationService.swift; sourceTree = "<group>"; };
		6114C8FA1B43A2A800C73E5E /* Courses-32.png */ = {isa = PBXFileReference; lastKnownFileType = image.png; name = "Courses-32.png"; path = "icon/Courses-32.png"; sourceTree = SOURCE_ROOT; };
		6114C8FB1B43A2A800C73E5E /* Diploma-32.png */ = {isa = PBXFileReference; lastKnownFileType = image.png; name = "Diploma-32.png"; path = "icon/Diploma-32.png"; sourceTree = SOURCE_ROOT; };
		6114C8FC1B43A2A800C73E5E /* Purchase Order-32.png */ = {isa = PBXFileReference; lastKnownFileType = image.png; name = "Purchase Order-32.png"; path = "icon/Purchase Order-32.png"; sourceTree = SOURCE_ROOT; };
		6114C8FD1B43A2A800C73E5E /* Today-32.png */ = {isa = PBXFileReference; lastKnownFileType = image.png; name = "Today-32.png"; path = "icon/Today-32.png"; sourceTree = SOURCE_ROOT; };
		6116606F1B9552AF0032458B /* Expensive 2-50.png */ = {isa = PBXFileReference; lastKnownFileType = image.png; name = "Expensive 2-50.png"; path = "icon/Expensive 2-50.png"; sourceTree = SOURCE_ROOT; };
		61196D131B8EED0A0004092D /* StoreKit.framework */ = {isa = PBXFileReference; lastKnownFileType = wrapper.framework; name = StoreKit.framework; path = System/Library/Frameworks/StoreKit.framework; sourceTree = SDKROOT; };
		612123EC1B411525000AA07D /* User-100.png */ = {isa = PBXFileReference; lastKnownFileType = image.png; path = "User-100.png"; sourceTree = "<group>"; };
		612123F01B412A3B000AA07D /* Phone-32.png */ = {isa = PBXFileReference; lastKnownFileType = image.png; path = "Phone-32.png"; sourceTree = "<group>"; };
		612123F21B412BBB000AA07D /* StudentInfoViewCtrl.swift */ = {isa = PBXFileReference; fileEncoding = 4; lastKnownFileType = sourcecode.swift; path = StudentInfoViewCtrl.swift; sourceTree = "<group>"; };
		612D051F1B6A3048002E1239 /* Menu-24.png */ = {isa = PBXFileReference; lastKnownFileType = image.png; name = "Menu-24.png"; path = "icon/Menu-24.png"; sourceTree = SOURCE_ROOT; };
		61339E521BB29E9200757A46 /* KYCircularProgress.swift */ = {isa = PBXFileReference; fileEncoding = 4; lastKnownFileType = sourcecode.swift; path = KYCircularProgress.swift; sourceTree = "<group>"; };
		6136ED5C1B3D0C560049E632 /* PrepareViewCtrl.swift */ = {isa = PBXFileReference; fileEncoding = 4; lastKnownFileType = sourcecode.swift; path = PrepareViewCtrl.swift; sourceTree = "<group>"; };
		613C58781B2AB1CE00461072 /* CustomCell.swift */ = {isa = PBXFileReference; fileEncoding = 4; lastKnownFileType = sourcecode.swift; path = CustomCell.swift; sourceTree = "<group>"; };
		613C58801B2AC27D00461072 /* DetailViewCtrl.swift */ = {isa = PBXFileReference; fileEncoding = 4; lastKnownFileType = sourcecode.swift; path = DetailViewCtrl.swift; sourceTree = "<group>"; };
		613C58821B2ACDDD00461072 /* Leave Filled-50.png */ = {isa = PBXFileReference; lastKnownFileType = image.png; name = "Leave Filled-50.png"; path = "icon/Leave Filled-50.png"; sourceTree = SOURCE_ROOT; };
		613C58841B2AD92100461072 /* Star Filled-50.png */ = {isa = PBXFileReference; lastKnownFileType = image.png; name = "Star Filled-50.png"; path = "icon/Star Filled-50.png"; sourceTree = SOURCE_ROOT; };
		613E8B0C1B9436930020228E /* Cash Register Filled-32.png */ = {isa = PBXFileReference; lastKnownFileType = image.png; name = "Cash Register Filled-32.png"; path = "icon/Cash Register Filled-32.png"; sourceTree = SOURCE_ROOT; };
		613E8B0E1B94375C0020228E /* Coins-50.png */ = {isa = PBXFileReference; lastKnownFileType = image.png; name = "Coins-50.png"; path = "icon/Coins-50.png"; sourceTree = SOURCE_ROOT; };
		613E8B101B943C4A0020228E /* PaymentViewCtrl.swift */ = {isa = PBXFileReference; fileEncoding = 4; lastKnownFileType = sourcecode.swift; path = PaymentViewCtrl.swift; sourceTree = "<group>"; };
		614E45AB1B96CAD600DFE1F9 /* IAPManager.swift */ = {isa = PBXFileReference; fileEncoding = 4; lastKnownFileType = sourcecode.swift; path = IAPManager.swift; sourceTree = "<group>"; };
		615BB2571B3BD47F00864052 /* DSUtil.swift */ = {isa = PBXFileReference; fileEncoding = 4; lastKnownFileType = sourcecode.swift; path = DSUtil.swift; sourceTree = "<group>"; };
		615BB2591B3BD4F800864052 /* HttpClient.swift */ = {isa = PBXFileReference; fileEncoding = 4; lastKnownFileType = sourcecode.swift; path = HttpClient.swift; sourceTree = "<group>"; };
		615BB25B1B3BD80300864052 /* Util.swift */ = {isa = PBXFileReference; fileEncoding = 4; lastKnownFileType = sourcecode.swift; path = Util.swift; sourceTree = "<group>"; };
		615BB25D1B3BDFDC00864052 /* LoginViewCtrl.swift */ = {isa = PBXFileReference; fileEncoding = 4; lastKnownFileType = sourcecode.swift; path = LoginViewCtrl.swift; sourceTree = "<group>"; };
		615BB25F1B3BE3FC00864052 /* OAuthHelper.swift */ = {isa = PBXFileReference; fileEncoding = 4; lastKnownFileType = sourcecode.swift; path = OAuthHelper.swift; sourceTree = "<group>"; };
		615BB2611B3BE43100864052 /* SwiftyJSON.swift */ = {isa = PBXFileReference; fileEncoding = 4; lastKnownFileType = sourcecode.swift; path = SwiftyJSON.swift; sourceTree = "<group>"; };
		615BB2631B3BFC5A00864052 /* Global.swift */ = {isa = PBXFileReference; fileEncoding = 4; lastKnownFileType = sourcecode.swift; path = Global.swift; sourceTree = "<group>"; };
		6173AACC1B5791190049EB63 /* Find User Filled-32.png */ = {isa = PBXFileReference; lastKnownFileType = image.png; name = "Find User Filled-32.png"; path = "icon/Find User Filled-32.png"; sourceTree = SOURCE_ROOT; };
		6173AACE1B5791190049EB63 /* Settings Filled-32.png */ = {isa = PBXFileReference; lastKnownFileType = image.png; name = "Settings Filled-32.png"; path = "icon/Settings Filled-32.png"; sourceTree = SOURCE_ROOT; };
		6173AAD21B5791860049EB63 /* Message Filled-32.png */ = {isa = PBXFileReference; lastKnownFileType = image.png; name = "Message Filled-32.png"; path = "icon/Message Filled-32.png"; sourceTree = SOURCE_ROOT; };
		6173AAD41B5797920049EB63 /* sidebackground.jpg */ = {isa = PBXFileReference; lastKnownFileType = image.jpeg; name = sidebackground.jpg; path = image/sidebackground.jpg; sourceTree = SOURCE_ROOT; };
		6173AAD61B57A9930049EB63 /* DisplayViewCtrl.swift */ = {isa = PBXFileReference; fileEncoding = 4; lastKnownFileType = sourcecode.swift; path = DisplayViewCtrl.swift; sourceTree = "<group>"; };
		61763E391B2ECD3A004A0DCD /* oneAdminTeacher.xcdatamodel */ = {isa = PBXFileReference; lastKnownFileType = wrapper.xcdatamodel; path = oneAdminTeacher.xcdatamodel; sourceTree = "<group>"; };
		617F32301B60F90100A03CD6 /* Message Filled-50.png */ = {isa = PBXFileReference; lastKnownFileType = image.png; name = "Message Filled-50.png"; path = "icon/Message Filled-50.png"; sourceTree = SOURCE_ROOT; };
		6189CFA61B3D43B00098AAD7 /* SchoolOptionsView.swift */ = {isa = PBXFileReference; fileEncoding = 4; lastKnownFileType = sourcecode.swift; path = SchoolOptionsView.swift; sourceTree = "<group>"; };
		619A056C1B8C790A0030276C /* KeyinViewCtrl.swift */ = {isa = PBXFileReference; fileEncoding = 4; lastKnownFileType = sourcecode.swift; path = KeyinViewCtrl.swift; sourceTree = "<group>"; };
		619C5ED91B43C5500019C284 /* AttendanceViewCtrl.swift */ = {isa = PBXFileReference; fileEncoding = 4; lastKnownFileType = sourcecode.swift; path = AttendanceViewCtrl.swift; sourceTree = "<group>"; };
		619D31E21B451647008409F9 /* DisciplineViewCtrl.swift */ = {isa = PBXFileReference; fileEncoding = 4; lastKnownFileType = sourcecode.swift; path = DisciplineViewCtrl.swift; sourceTree = "<group>"; };
		619EA1D71B5F8F4500EE4BE7 /* MessageDetailViewCtrl.swift */ = {isa = PBXFileReference; fileEncoding = 4; lastKnownFileType = sourcecode.swift; path = MessageDetailViewCtrl.swift; sourceTree = "<group>"; };
		61ABA7E61B4FB88A0071F9D4 /* oneAdminTeacher-Bridging-Header.h */ = {isa = PBXFileReference; lastKnownFileType = sourcecode.c.h; path = "oneAdminTeacher-Bridging-Header.h"; sourceTree = "<group>"; };
		61ABA7E71B4FB88B0071F9D4 /* MMDrawerBarButtonItem.h */ = {isa = PBXFileReference; fileEncoding = 4; lastKnownFileType = sourcecode.c.h; path = MMDrawerBarButtonItem.h; sourceTree = "<group>"; };
		61ABA7E81B4FB88B0071F9D4 /* MMDrawerBarButtonItem.m */ = {isa = PBXFileReference; fileEncoding = 4; lastKnownFileType = sourcecode.c.objc; path = MMDrawerBarButtonItem.m; sourceTree = "<group>"; };
		61ABA7E91B4FB88B0071F9D4 /* MMDrawerController.h */ = {isa = PBXFileReference; fileEncoding = 4; lastKnownFileType = sourcecode.c.h; path = MMDrawerController.h; sourceTree = "<group>"; };
		61ABA7EA1B4FB88B0071F9D4 /* MMDrawerController.m */ = {isa = PBXFileReference; fileEncoding = 4; lastKnownFileType = sourcecode.c.objc; path = MMDrawerController.m; sourceTree = "<group>"; };
		61ABA7EB1B4FB88B0071F9D4 /* MMDrawerController+Subclass.h */ = {isa = PBXFileReference; fileEncoding = 4; lastKnownFileType = sourcecode.c.h; path = "MMDrawerController+Subclass.h"; sourceTree = "<group>"; };
		61ABA7EC1B4FB88B0071F9D4 /* MMDrawerVisualState.h */ = {isa = PBXFileReference; fileEncoding = 4; lastKnownFileType = sourcecode.c.h; path = MMDrawerVisualState.h; sourceTree = "<group>"; };
		61ABA7ED1B4FB88B0071F9D4 /* MMDrawerVisualState.m */ = {isa = PBXFileReference; fileEncoding = 4; lastKnownFileType = sourcecode.c.objc; path = MMDrawerVisualState.m; sourceTree = "<group>"; };
		61ABA7EE1B4FB88B0071F9D4 /* UIViewController+MMDrawerController.h */ = {isa = PBXFileReference; fileEncoding = 4; lastKnownFileType = sourcecode.c.h; path = "UIViewController+MMDrawerController.h"; sourceTree = "<group>"; };
		61ABA7EF1B4FB88B0071F9D4 /* UIViewController+MMDrawerController.m */ = {isa = PBXFileReference; fileEncoding = 4; lastKnownFileType = sourcecode.c.objc; path = "UIViewController+MMDrawerController.m"; sourceTree = "<group>"; };
		61ABA7F41B4FB92C0071F9D4 /* SideMenuViewCtrl.swift */ = {isa = PBXFileReference; fileEncoding = 4; lastKnownFileType = sourcecode.swift; path = SideMenuViewCtrl.swift; sourceTree = "<group>"; };
		61ABA7F61B4FC7C70071F9D4 /* ClassViewCtrl.swift */ = {isa = PBXFileReference; fileEncoding = 4; lastKnownFileType = sourcecode.swift; path = ClassViewCtrl.swift; sourceTree = "<group>"; };
		61B545651B426FC00099FB4B /* AdvanceInfoViewCtrl.swift */ = {isa = PBXFileReference; fileEncoding = 4; lastKnownFileType = sourcecode.swift; path = AdvanceInfoViewCtrl.swift; sourceTree = "<group>"; };
		61C513EC1B5CFD4700921D2A /* CourseScoreViewCtrl.swift */ = {isa = PBXFileReference; fileEncoding = 4; lastKnownFileType = sourcecode.swift; path = CourseScoreViewCtrl.swift; sourceTree = "<group>"; };
		61C5E58B1B4BDF5E008F1DEF /* CommonStruct.swift */ = {isa = PBXFileReference; fileEncoding = 4; lastKnownFileType = sourcecode.swift; path = CommonStruct.swift; sourceTree = "<group>"; };
		61C5E58D1B4BE15A008F1DEF /* StudentCoreData.swift */ = {isa = PBXFileReference; fileEncoding = 4; lastKnownFileType = sourcecode.swift; path = StudentCoreData.swift; sourceTree = "<group>"; };
		61C5E58F1B4BE19E008F1DEF /* Extension.swift */ = {isa = PBXFileReference; fileEncoding = 4; lastKnownFileType = sourcecode.swift; path = Extension.swift; sourceTree = "<group>"; };
		61C8F2021B870798003387C0 /* ChildListViewCtrl.swift */ = {isa = PBXFileReference; fileEncoding = 4; lastKnownFileType = sourcecode.swift; path = ChildListViewCtrl.swift; sourceTree = "<group>"; };
		61CA692D1B5E5B1F002D2842 /* SystemConfiguration.framework */ = {isa = PBXFileReference; lastKnownFileType = wrapper.framework; name = SystemConfiguration.framework; path = System/Library/Frameworks/SystemConfiguration.framework; sourceTree = SDKROOT; };
		61CA692F1B5E5B2F002D2842 /* AudioToolbox.framework */ = {isa = PBXFileReference; lastKnownFileType = wrapper.framework; name = AudioToolbox.framework; path = System/Library/Frameworks/AudioToolbox.framework; sourceTree = SDKROOT; };
		61CA69311B5E5B3C002D2842 /* libstdc++.6.dylib */ = {isa = PBXFileReference; lastKnownFileType = "compiled.mach-o.dylib"; name = "libstdc++.6.dylib"; path = "usr/lib/libstdc++.6.dylib"; sourceTree = SDKROOT; };
		61CA69331B5E5B44002D2842 /* libsqlite3.dylib */ = {isa = PBXFileReference; lastKnownFileType = "compiled.mach-o.dylib"; name = libsqlite3.dylib; path = usr/lib/libsqlite3.dylib; sourceTree = SDKROOT; };
		61CA69351B5E5D27002D2842 /* Bolts.framework */ = {isa = PBXFileReference; lastKnownFileType = wrapper.framework; path = Bolts.framework; sourceTree = "<group>"; };
		61CA69361B5E5D27002D2842 /* Parse.framework */ = {isa = PBXFileReference; lastKnownFileType = wrapper.framework; path = Parse.framework; sourceTree = "<group>"; };
		61CA69371B5E5D27002D2842 /* ParseCrashReporting.framework */ = {isa = PBXFileReference; lastKnownFileType = wrapper.framework; path = ParseCrashReporting.framework; sourceTree = "<group>"; };
		61CA69381B5E5D27002D2842 /* ParseFacebookUtils.framework */ = {isa = PBXFileReference; lastKnownFileType = wrapper.framework; path = ParseFacebookUtils.framework; sourceTree = "<group>"; };
		61CA69391B5E5D27002D2842 /* ParseFacebookUtilsV4.framework */ = {isa = PBXFileReference; lastKnownFileType = wrapper.framework; path = ParseFacebookUtilsV4.framework; sourceTree = "<group>"; };
		61CA693A1B5E5D27002D2842 /* ParseUI.framework */ = {isa = PBXFileReference; lastKnownFileType = wrapper.framework; path = ParseUI.framework; sourceTree = "<group>"; };
		61DACF6E1B6225FF001D5633 /* MessageCoreData.swift */ = {isa = PBXFileReference; fileEncoding = 4; lastKnownFileType = sourcecode.swift; path = MessageCoreData.swift; sourceTree = "<group>"; };
		61E308D51B2A997400BE36D0 /* Classroom Filled-50.png */ = {isa = PBXFileReference; lastKnownFileType = image.png; name = "Classroom Filled-50.png"; path = "icon/Classroom Filled-50.png"; sourceTree = SOURCE_ROOT; };
		61E5746D1B85B56E00D2BD21 /* Message Filled-32 White.png */ = {isa = PBXFileReference; lastKnownFileType = image.png; name = "Message Filled-32 White.png"; path = "icon/Message Filled-32 White.png"; sourceTree = SOURCE_ROOT; };
		61E5746E1B85B56E00D2BD21 /* Starred Ticket Filled-25.png */ = {isa = PBXFileReference; lastKnownFileType = image.png; name = "Starred Ticket Filled-25.png"; path = "icon/Starred Ticket Filled-25.png"; sourceTree = SOURCE_ROOT; };
		61E5746F1B85B56E00D2BD21 /* Starred Ticket Filled-32.png */ = {isa = PBXFileReference; lastKnownFileType = image.png; name = "Starred Ticket Filled-32.png"; path = "icon/Starred Ticket Filled-32.png"; sourceTree = SOURCE_ROOT; };
		61E574701B85B56E00D2BD21 /* Starred Ticket-25.png */ = {isa = PBXFileReference; lastKnownFileType = image.png; name = "Starred Ticket-25.png"; path = "icon/Starred Ticket-25.png"; sourceTree = SOURCE_ROOT; };
		61E574711B85B56E00D2BD21 /* Starred Ticket-32.png */ = {isa = PBXFileReference; lastKnownFileType = image.png; name = "Starred Ticket-32.png"; path = "icon/Starred Ticket-32.png"; sourceTree = SOURCE_ROOT; };
		61E574771B85B64900D2BD21 /* OutboxSendViewCtrl.swift */ = {isa = PBXFileReference; fileEncoding = 4; lastKnownFileType = sourcecode.swift; path = OutboxSendViewCtrl.swift; sourceTree = "<group>"; };
		61E574791B85C03C00D2BD21 /* Menu 2-26.png */ = {isa = PBXFileReference; lastKnownFileType = image.png; name = "Menu 2-26.png"; path = "icon/Menu 2-26.png"; sourceTree = SOURCE_ROOT; };
		61E5747B1B85C22000D2BD21 /* SelectTeacherPageViewCtrl.swift */ = {isa = PBXFileReference; fileEncoding = 4; lastKnownFileType = sourcecode.swift; path = SelectTeacherPageViewCtrl.swift; sourceTree = "<group>"; };
		61E5747D1B85C2E900D2BD21 /* WatchReaderListViewCtrl.swift */ = {isa = PBXFileReference; fileEncoding = 4; lastKnownFileType = sourcecode.swift; path = WatchReaderListViewCtrl.swift; sourceTree = "<group>"; };
		61E5747F1B85C36900D2BD21 /* OptionSettingViewCtrl.swift */ = {isa = PBXFileReference; fileEncoding = 4; lastKnownFileType = sourcecode.swift; path = OptionSettingViewCtrl.swift; sourceTree = "<group>"; };
		61E574811B85C38200D2BD21 /* OptionEditViewCtrl.swift */ = {isa = PBXFileReference; fileEncoding = 4; lastKnownFileType = sourcecode.swift; path = OptionEditViewCtrl.swift; sourceTree = "<group>"; };
		61E574831B85C3E800D2BD21 /* ChartViewCtrl.swift */ = {isa = PBXFileReference; fileEncoding = 4; lastKnownFileType = sourcecode.swift; path = ChartViewCtrl.swift; sourceTree = "<group>"; };
		61E574871B85C47100D2BD21 /* PDBarChart.swift */ = {isa = PBXFileReference; fileEncoding = 4; lastKnownFileType = sourcecode.swift; path = PDBarChart.swift; sourceTree = "<group>"; };
		61E574881B85C47100D2BD21 /* PDChart.swift */ = {isa = PBXFileReference; fileEncoding = 4; lastKnownFileType = sourcecode.swift; path = PDChart.swift; sourceTree = "<group>"; };
		61E5748A1B85C47100D2BD21 /* PDChartAxesComponent.swift */ = {isa = PBXFileReference; fileEncoding = 4; lastKnownFileType = sourcecode.swift; path = PDChartAxesComponent.swift; sourceTree = "<group>"; };
		61E5748C1B85C47100D2BD21 /* PDLineChart.swift */ = {isa = PBXFileReference; fileEncoding = 4; lastKnownFileType = sourcecode.swift; path = PDLineChart.swift; sourceTree = "<group>"; };
		61E5748E1B85C47100D2BD21 /* PDPieChart.swift */ = {isa = PBXFileReference; fileEncoding = 4; lastKnownFileType = sourcecode.swift; path = PDPieChart.swift; sourceTree = "<group>"; };
		61E9D70C1B56513B00D36552 /* Add User-25.png */ = {isa = PBXFileReference; lastKnownFileType = image.png; name = "Add User-25.png"; path = "icon/Add User-25.png"; sourceTree = SOURCE_ROOT; };
		61E9D70E1B5656AC00D36552 /* background.png */ = {isa = PBXFileReference; lastKnownFileType = image.png; name = background.png; path = image/background.png; sourceTree = SOURCE_ROOT; };
		61E9D7101B566C0600D36552 /* background2.png */ = {isa = PBXFileReference; lastKnownFileType = image.png; name = background2.png; path = image/background2.png; sourceTree = SOURCE_ROOT; };
		61F550831B2A768900E26A5D /* oneCampusParent.app */ = {isa = PBXFileReference; explicitFileType = wrapper.application; includeInIndex = 0; path = oneCampusParent.app; sourceTree = BUILT_PRODUCTS_DIR; };
		61F550871B2A768900E26A5D /* Info.plist */ = {isa = PBXFileReference; lastKnownFileType = text.plist.xml; path = Info.plist; sourceTree = "<group>"; };
		61F550881B2A768900E26A5D /* AppDelegate.swift */ = {isa = PBXFileReference; lastKnownFileType = sourcecode.swift; path = AppDelegate.swift; sourceTree = "<group>"; };
		61F5508A1B2A768900E26A5D /* FirstViewController.swift */ = {isa = PBXFileReference; lastKnownFileType = sourcecode.swift; path = FirstViewController.swift; sourceTree = "<group>"; };
		61F5508C1B2A768900E26A5D /* SecondViewController.swift */ = {isa = PBXFileReference; lastKnownFileType = sourcecode.swift; path = SecondViewController.swift; sourceTree = "<group>"; };
		61F5508F1B2A768900E26A5D /* Base */ = {isa = PBXFileReference; lastKnownFileType = file.storyboard; name = Base; path = Base.lproj/Main.storyboard; sourceTree = "<group>"; };
		61F550911B2A768900E26A5D /* Images.xcassets */ = {isa = PBXFileReference; lastKnownFileType = folder.assetcatalog; path = Images.xcassets; sourceTree = "<group>"; };
		61F550941B2A768900E26A5D /* Base */ = {isa = PBXFileReference; lastKnownFileType = file.xib; name = Base; path = Base.lproj/LaunchScreen.xib; sourceTree = "<group>"; };
		61F5509A1B2A768900E26A5D /* oneCampusParentTests.xctest */ = {isa = PBXFileReference; explicitFileType = wrapper.cfbundle; includeInIndex = 0; path = oneCampusParentTests.xctest; sourceTree = BUILT_PRODUCTS_DIR; };
		61F5509F1B2A768900E26A5D /* Info.plist */ = {isa = PBXFileReference; lastKnownFileType = text.plist.xml; path = Info.plist; sourceTree = "<group>"; };
		61F550A01B2A768900E26A5D /* oneAdminTeacherTests.swift */ = {isa = PBXFileReference; lastKnownFileType = sourcecode.swift; path = oneAdminTeacherTests.swift; sourceTree = "<group>"; };
		61F550AF1B2A7F5400E26A5D /* StudentViewCtrl.swift */ = {isa = PBXFileReference; fileEncoding = 4; lastKnownFileType = sourcecode.swift; path = StudentViewCtrl.swift; sourceTree = "<group>"; };
		61FE92E21B58B8BA003BABFE /* Down 4-25.png */ = {isa = PBXFileReference; lastKnownFileType = image.png; name = "Down 4-25.png"; path = "icon/Down 4-25.png"; sourceTree = SOURCE_ROOT; };
		61FE92E31B58B8BA003BABFE /* Up 4-25.png */ = {isa = PBXFileReference; lastKnownFileType = image.png; name = "Up 4-25.png"; path = "icon/Up 4-25.png"; sourceTree = SOURCE_ROOT; };
		61FEC8EA1B678DE80095C52B /* default photo.jpg */ = {isa = PBXFileReference; lastKnownFileType = image.jpeg; name = "default photo.jpg"; path = "icon/default photo.jpg"; sourceTree = SOURCE_ROOT; };
/* End PBXFileReference section */

/* Begin PBXFrameworksBuildPhase section */
		61F550801B2A768900E26A5D /* Frameworks */ = {
			isa = PBXFrameworksBuildPhase;
			buildActionMask = 2147483647;
			files = (
				61CA693B1B5E5D27002D2842 /* Bolts.framework in Frameworks */,
				61CA69341B5E5B44002D2842 /* libsqlite3.dylib in Frameworks */,
				61CA69401B5E5D27002D2842 /* ParseUI.framework in Frameworks */,
				61CA69321B5E5B3C002D2842 /* libstdc++.6.dylib in Frameworks */,
				61CA69301B5E5B2F002D2842 /* AudioToolbox.framework in Frameworks */,
				61CA693C1B5E5D27002D2842 /* Parse.framework in Frameworks */,
				61CA693F1B5E5D27002D2842 /* ParseFacebookUtilsV4.framework in Frameworks */,
				61CA693D1B5E5D27002D2842 /* ParseCrashReporting.framework in Frameworks */,
				61CA693E1B5E5D27002D2842 /* ParseFacebookUtils.framework in Frameworks */,
				61CA692E1B5E5B1F002D2842 /* SystemConfiguration.framework in Frameworks */,
				61196D141B8EED0A0004092D /* StoreKit.framework in Frameworks */,
			);
			runOnlyForDeploymentPostprocessing = 0;
		};
		61F550971B2A768900E26A5D /* Frameworks */ = {
			isa = PBXFrameworksBuildPhase;
			buildActionMask = 2147483647;
			files = (
			);
			runOnlyForDeploymentPostprocessing = 0;
		};
/* End PBXFrameworksBuildPhase section */

/* Begin PBXGroup section */
		61ABA7E51B4FB8660071F9D4 /* SideMenu */ = {
			isa = PBXGroup;
			children = (
				61ABA7E71B4FB88B0071F9D4 /* MMDrawerBarButtonItem.h */,
				61ABA7E81B4FB88B0071F9D4 /* MMDrawerBarButtonItem.m */,
				61ABA7E91B4FB88B0071F9D4 /* MMDrawerController.h */,
				61ABA7EA1B4FB88B0071F9D4 /* MMDrawerController.m */,
				61ABA7EB1B4FB88B0071F9D4 /* MMDrawerController+Subclass.h */,
				61ABA7EC1B4FB88B0071F9D4 /* MMDrawerVisualState.h */,
				61ABA7ED1B4FB88B0071F9D4 /* MMDrawerVisualState.m */,
				61ABA7EE1B4FB88B0071F9D4 /* UIViewController+MMDrawerController.h */,
				61ABA7EF1B4FB88B0071F9D4 /* UIViewController+MMDrawerController.m */,
				61ABA7E61B4FB88A0071F9D4 /* oneAdminTeacher-Bridging-Header.h */,
			);
			name = SideMenu;
			sourceTree = "<group>";
		};
		61E308D21B2A893400BE36D0 /* icon */ = {
			isa = PBXGroup;
			children = (
				6116606F1B9552AF0032458B /* Expensive 2-50.png */,
				613E8B0E1B94375C0020228E /* Coins-50.png */,
				613E8B0C1B9436930020228E /* Cash Register Filled-32.png */,
				610532291B8AC1690003C936 /* Plus Math-100.png */,
				6100D0EF1B86E62F005AEF65 /* iPad2-58.png */,
				6100D0F01B86E62F005AEF65 /* iPad2-80.png */,
				6100D0F11B86E62F005AEF65 /* iPad2-87.png */,
				6100D0F21B86E62F005AEF65 /* iPad2-120.png */,
				6100D0F31B86E62F005AEF65 /* iPad2-180.png */,
				61E574791B85C03C00D2BD21 /* Menu 2-26.png */,
				61E5746D1B85B56E00D2BD21 /* Message Filled-32 White.png */,
				61E5746E1B85B56E00D2BD21 /* Starred Ticket Filled-25.png */,
				61E5746F1B85B56E00D2BD21 /* Starred Ticket Filled-32.png */,
				61E574701B85B56E00D2BD21 /* Starred Ticket-25.png */,
				61E574711B85B56E00D2BD21 /* Starred Ticket-32.png */,
				612D051F1B6A3048002E1239 /* Menu-24.png */,
				61FEC8EA1B678DE80095C52B /* default photo.jpg */,
				6114855E1B65EB6000B54BBB /* ic_ischool.png */,
				617F32301B60F90100A03CD6 /* Message Filled-50.png */,
				61FE92E21B58B8BA003BABFE /* Down 4-25.png */,
				61FE92E31B58B8BA003BABFE /* Up 4-25.png */,
				6173AAD21B5791860049EB63 /* Message Filled-32.png */,
				6173AACC1B5791190049EB63 /* Find User Filled-32.png */,
				6173AACE1B5791190049EB63 /* Settings Filled-32.png */,
				61E9D70C1B56513B00D36552 /* Add User-25.png */,
				610CB0901B5523E80051EC76 /* Age-25.png */,
				610CB0911B5523E80051EC76 /* Edit Property-25.png */,
				610E0A4D1B53568900186BF3 /* Menu Filled-25.png */,
				610B1A741B4CCCA400E3724D /* Paper Filled-50.png */,
				6112A2311B4637F900DA4E77 /* Elective Filled-50.png */,
				6104420A1B44E9FC007D3C98 /* Search Property Filled-32.png */,
				6114C8FA1B43A2A800C73E5E /* Courses-32.png */,
				6114C8FB1B43A2A800C73E5E /* Diploma-32.png */,
				6114C8FC1B43A2A800C73E5E /* Purchase Order-32.png */,
				6114C8FD1B43A2A800C73E5E /* Today-32.png */,
				612123F01B412A3B000AA07D /* Phone-32.png */,
				613C58841B2AD92100461072 /* Star Filled-50.png */,
				613C58821B2ACDDD00461072 /* Leave Filled-50.png */,
				61E308D51B2A997400BE36D0 /* Classroom Filled-50.png */,
			);
			name = icon;
			sourceTree = "<group>";
		};
		61E574851B85C47100D2BD21 /* PDChart */ = {
			isa = PBXGroup;
			children = (
				61E574861B85C47100D2BD21 /* PDBarChart */,
				61E574881B85C47100D2BD21 /* PDChart.swift */,
				61E574891B85C47100D2BD21 /* PDChartComponent */,
				61E5748B1B85C47100D2BD21 /* PDLineChart */,
				61E5748D1B85C47100D2BD21 /* PDPieChart */,
			);
			path = PDChart;
			sourceTree = "<group>";
		};
		61E574861B85C47100D2BD21 /* PDBarChart */ = {
			isa = PBXGroup;
			children = (
				61E574871B85C47100D2BD21 /* PDBarChart.swift */,
			);
			path = PDBarChart;
			sourceTree = "<group>";
		};
		61E574891B85C47100D2BD21 /* PDChartComponent */ = {
			isa = PBXGroup;
			children = (
				61E5748A1B85C47100D2BD21 /* PDChartAxesComponent.swift */,
			);
			path = PDChartComponent;
			sourceTree = "<group>";
		};
		61E5748B1B85C47100D2BD21 /* PDLineChart */ = {
			isa = PBXGroup;
			children = (
				61E5748C1B85C47100D2BD21 /* PDLineChart.swift */,
			);
			path = PDLineChart;
			sourceTree = "<group>";
		};
		61E5748D1B85C47100D2BD21 /* PDPieChart */ = {
			isa = PBXGroup;
			children = (
				61E5748E1B85C47100D2BD21 /* PDPieChart.swift */,
			);
			path = PDPieChart;
			sourceTree = "<group>";
		};
		61F5507A1B2A768900E26A5D = {
			isa = PBXGroup;
			children = (
				61196D131B8EED0A0004092D /* StoreKit.framework */,
				61E574851B85C47100D2BD21 /* PDChart */,
				61CA69351B5E5D27002D2842 /* Bolts.framework */,
				61CA69361B5E5D27002D2842 /* Parse.framework */,
				61CA69371B5E5D27002D2842 /* ParseCrashReporting.framework */,
				61CA69381B5E5D27002D2842 /* ParseFacebookUtils.framework */,
				61CA69391B5E5D27002D2842 /* ParseFacebookUtilsV4.framework */,
				61CA693A1B5E5D27002D2842 /* ParseUI.framework */,
				61CA69331B5E5B44002D2842 /* libsqlite3.dylib */,
				61CA69311B5E5B3C002D2842 /* libstdc++.6.dylib */,
				61CA692F1B5E5B2F002D2842 /* AudioToolbox.framework */,
				61CA692D1B5E5B1F002D2842 /* SystemConfiguration.framework */,
				61ABA7E51B4FB8660071F9D4 /* SideMenu */,
				615BB2611B3BE43100864052 /* SwiftyJSON.swift */,
				615BB25F1B3BE3FC00864052 /* OAuthHelper.swift */,
				615BB25B1B3BD80300864052 /* Util.swift */,
				615BB2591B3BD4F800864052 /* HttpClient.swift */,
				615BB2571B3BD47F00864052 /* DSUtil.swift */,
				610C7EFC1B61E0B7001F7C4E /* KeyChain.swift */,
				61763E381B2ECD3A004A0DCD /* oneAdminTeacher.xcdatamodeld */,
				61F550851B2A768900E26A5D /* oneAdminTeacher */,
				61F5509D1B2A768900E26A5D /* oneAdminTeacherTests */,
				61F550841B2A768900E26A5D /* Products */,
			);
			sourceTree = "<group>";
		};
		61F550841B2A768900E26A5D /* Products */ = {
			isa = PBXGroup;
			children = (
				61F550831B2A768900E26A5D /* oneCampusParent.app */,
				61F5509A1B2A768900E26A5D /* oneCampusParentTests.xctest */,
			);
			name = Products;
			sourceTree = "<group>";
		};
		61F550851B2A768900E26A5D /* oneAdminTeacher */ = {
			isa = PBXGroup;
			children = (
				61E308D21B2A893400BE36D0 /* icon */,
				61F550AE1B2A7A8E00E26A5D /* image */,
				61F550881B2A768900E26A5D /* AppDelegate.swift */,
				610882C31B8C067000CEBBE5 /* ScanCodeViewCtrl.swift */,
				619A056C1B8C790A0030276C /* KeyinViewCtrl.swift */,
				61F5508A1B2A768900E26A5D /* FirstViewController.swift */,
				61F5508C1B2A768900E26A5D /* SecondViewController.swift */,
				61ABA7F41B4FB92C0071F9D4 /* SideMenuViewCtrl.swift */,
				610EA13E1B8EC0A700EB54B0 /* PurchaseViewCtrl.swift */,
				613E8B101B943C4A0020228E /* PaymentViewCtrl.swift */,
				614E45AB1B96CAD600DFE1F9 /* IAPManager.swift */,
				615BB2631B3BFC5A00864052 /* Global.swift */,
				61C5E58B1B4BDF5E008F1DEF /* CommonStruct.swift */,
				613C58781B2AB1CE00461072 /* CustomCell.swift */,
				61C5E58F1B4BE19E008F1DEF /* Extension.swift */,
				611485601B65EEA400B54BBB /* NotificationService.swift */,
				61C5E58D1B4BE15A008F1DEF /* StudentCoreData.swift */,
				61DACF6E1B6225FF001D5633 /* MessageCoreData.swift */,
				615BB25D1B3BDFDC00864052 /* LoginViewCtrl.swift */,
				6136ED5C1B3D0C560049E632 /* PrepareViewCtrl.swift */,
				61C8F2021B870798003387C0 /* ChildListViewCtrl.swift */,
				61ABA7F61B4FC7C70071F9D4 /* ClassViewCtrl.swift */,
				61F550AF1B2A7F5400E26A5D /* StudentViewCtrl.swift */,
				610E0A531B537AC600186BF3 /* StudentDetailViewCtrl.swift */,
				6173AAD61B57A9930049EB63 /* DisplayViewCtrl.swift */,
				612123F21B412BBB000AA07D /* StudentInfoViewCtrl.swift */,
				619C5ED91B43C5500019C284 /* AttendanceViewCtrl.swift */,
				619D31E21B451647008409F9 /* DisciplineViewCtrl.swift */,
				6112A22F1B46355300DA4E77 /* SemesterScoreViewCtrl.swift */,
				6105832B1B4BAB4500274EEA /* ExamScoreViewCtrl.swift */,
				61C513EC1B5CFD4700921D2A /* CourseScoreViewCtrl.swift */,
				61076A5C1B5F3E5A00A0CC4C /* MessageViewCtrl.swift */,
				619EA1D71B5F8F4500EE4BE7 /* MessageDetailViewCtrl.swift */,
				61E574771B85B64900D2BD21 /* OutboxSendViewCtrl.swift */,
				61E5747B1B85C22000D2BD21 /* SelectTeacherPageViewCtrl.swift */,
				61E5747D1B85C2E900D2BD21 /* WatchReaderListViewCtrl.swift */,
				61E5747F1B85C36900D2BD21 /* OptionSettingViewCtrl.swift */,
				61E574811B85C38200D2BD21 /* OptionEditViewCtrl.swift */,
				61E574831B85C3E800D2BD21 /* ChartViewCtrl.swift */,
				6189CFA61B3D43B00098AAD7 /* SchoolOptionsView.swift */,
				61B545651B426FC00099FB4B /* AdvanceInfoViewCtrl.swift */,
				61072AD41B2E9E2A00554885 /* ss.swift */,
				61072AD61B2EB25700554885 /* ee.swift */,
				613C58801B2AC27D00461072 /* DetailViewCtrl.swift */,
				61339E521BB29E9200757A46 /* KYCircularProgress.swift */,
				61F5508E1B2A768900E26A5D /* Main.storyboard */,
				61F550911B2A768900E26A5D /* Images.xcassets */,
				61F550931B2A768900E26A5D /* LaunchScreen.xib */,
				61F550861B2A768900E26A5D /* Supporting Files */,
			);
			path = oneAdminTeacher;
			sourceTree = "<group>";
		};
		61F550861B2A768900E26A5D /* Supporting Files */ = {
			isa = PBXGroup;
			children = (
				61F550871B2A768900E26A5D /* Info.plist */,
			);
			name = "Supporting Files";
			sourceTree = "<group>";
		};
		61F5509D1B2A768900E26A5D /* oneAdminTeacherTests */ = {
			isa = PBXGroup;
			children = (
				61F550A01B2A768900E26A5D /* oneAdminTeacherTests.swift */,
				61F5509E1B2A768900E26A5D /* Supporting Files */,
			);
			path = oneAdminTeacherTests;
			sourceTree = "<group>";
		};
		61F5509E1B2A768900E26A5D /* Supporting Files */ = {
			isa = PBXGroup;
			children = (
				61F5509F1B2A768900E26A5D /* Info.plist */,
			);
			name = "Supporting Files";
			sourceTree = "<group>";
		};
		61F550AE1B2A7A8E00E26A5D /* image */ = {
			isa = PBXGroup;
			children = (
				610882C51B8C0A9700CEBBE5 /* childBackground.jpg */,
				6105322D1B8ACC290003C936 /* shutterstock_196751174.jpg */,
				6173AAD41B5797920049EB63 /* sidebackground.jpg */,
				61051F2D1B57463A00755ED5 /* background3.png */,
				61051F2E1B57463A00755ED5 /* background4.png */,
				61051F2F1B57463A00755ED5 /* background5.png */,
				61E9D7101B566C0600D36552 /* background2.png */,
				61E9D70E1B5656AC00D36552 /* background.png */,
				612123EC1B411525000AA07D /* User-100.png */,
			);
			name = image;
			sourceTree = "<group>";
		};
/* End PBXGroup section */

/* Begin PBXNativeTarget section */
		61F550821B2A768900E26A5D /* oneCampusParent */ = {
			isa = PBXNativeTarget;
			buildConfigurationList = 61F550A41B2A768900E26A5D /* Build configuration list for PBXNativeTarget "oneCampusParent" */;
			buildPhases = (
				61F5507F1B2A768900E26A5D /* Sources */,
				61F550801B2A768900E26A5D /* Frameworks */,
				61F550811B2A768900E26A5D /* Resources */,
			);
			buildRules = (
			);
			dependencies = (
			);
			name = oneCampusParent;
			productName = oneAdminTeacher;
			productReference = 61F550831B2A768900E26A5D /* oneCampusParent.app */;
			productType = "com.apple.product-type.application";
		};
		61F550991B2A768900E26A5D /* oneCampusParentTests */ = {
			isa = PBXNativeTarget;
			buildConfigurationList = 61F550A71B2A768900E26A5D /* Build configuration list for PBXNativeTarget "oneCampusParentTests" */;
			buildPhases = (
				61F550961B2A768900E26A5D /* Sources */,
				61F550971B2A768900E26A5D /* Frameworks */,
				61F550981B2A768900E26A5D /* Resources */,
			);
			buildRules = (
			);
			dependencies = (
				61F5509C1B2A768900E26A5D /* PBXTargetDependency */,
			);
			name = oneCampusParentTests;
			productName = oneAdminTeacherTests;
			productReference = 61F5509A1B2A768900E26A5D /* oneCampusParentTests.xctest */;
			productType = "com.apple.product-type.bundle.unit-test";
		};
/* End PBXNativeTarget section */

/* Begin PBXProject section */
		61F5507B1B2A768900E26A5D /* Project object */ = {
			isa = PBXProject;
			attributes = {
				LastUpgradeCheck = 0630;
				ORGANIZATIONNAME = ischool;
				TargetAttributes = {
					61F550821B2A768900E26A5D = {
						CreatedOnToolsVersion = 6.3.2;
						DevelopmentTeam = 3E2S2GG75G;
						SystemCapabilities = {
							com.apple.BackgroundModes = {
								enabled = 1;
							};
							com.apple.InAppPurchase = {
								enabled = 1;
							};
						};
					};
					61F550991B2A768900E26A5D = {
						CreatedOnToolsVersion = 6.3.2;
						TestTargetID = 61F550821B2A768900E26A5D;
					};
				};
			};
			buildConfigurationList = 61F5507E1B2A768900E26A5D /* Build configuration list for PBXProject "oneCampusParent" */;
			compatibilityVersion = "Xcode 3.2";
			developmentRegion = English;
			hasScannedForEncodings = 0;
			knownRegions = (
				en,
				Base,
			);
			mainGroup = 61F5507A1B2A768900E26A5D;
			productRefGroup = 61F550841B2A768900E26A5D /* Products */;
			projectDirPath = "";
			projectRoot = "";
			targets = (
				61F550821B2A768900E26A5D /* oneCampusParent */,
				61F550991B2A768900E26A5D /* oneCampusParentTests */,
			);
		};
/* End PBXProject section */

/* Begin PBXResourcesBuildPhase section */
		61F550811B2A768900E26A5D /* Resources */ = {
			isa = PBXResourcesBuildPhase;
			buildActionMask = 2147483647;
			files = (
				61051F301B57463A00755ED5 /* background3.png in Resources */,
				6114C8FE1B43A2A800C73E5E /* Courses-32.png in Resources */,
				61E9D7111B566C0600D36552 /* background2.png in Resources */,
				6100D0F81B86E62F005AEF65 /* iPad2-180.png in Resources */,
				613E8B0D1B9436930020228E /* Cash Register Filled-32.png in Resources */,
				61E5747A1B85C03C00D2BD21 /* Menu 2-26.png in Resources */,
				6104420C1B44E9FC007D3C98 /* Search Property Filled-32.png in Resources */,
				610E0A501B53568900186BF3 /* Menu Filled-25.png in Resources */,
				610CB0921B5523E80051EC76 /* Age-25.png in Resources */,
				610CB0931B5523E80051EC76 /* Edit Property-25.png in Resources */,
				61051F321B57463A00755ED5 /* background5.png in Resources */,
				613E8B0F1B94375C0020228E /* Coins-50.png in Resources */,
				6114C9011B43A2A800C73E5E /* Today-32.png in Resources */,
				6105322E1B8ACC290003C936 /* shutterstock_196751174.jpg in Resources */,
				6173AAD51B5797920049EB63 /* sidebackground.jpg in Resources */,
				612123F11B412A3B000AA07D /* Phone-32.png in Resources */,
				6105322A1B8AC1690003C936 /* Plus Math-100.png in Resources */,
				617F32311B60F90100A03CD6 /* Message Filled-50.png in Resources */,
				61E574741B85B56E00D2BD21 /* Starred Ticket Filled-32.png in Resources */,
				613C58831B2ACDDD00461072 /* Leave Filled-50.png in Resources */,
				61E574761B85B56E00D2BD21 /* Starred Ticket-32.png in Resources */,
				6100D0F71B86E62F005AEF65 /* iPad2-120.png in Resources */,
				6114C8FF1B43A2A800C73E5E /* Diploma-32.png in Resources */,
				6173AACF1B5791190049EB63 /* Find User Filled-32.png in Resources */,
				613C58851B2AD92100461072 /* Star Filled-50.png in Resources */,
				612D05201B6A3048002E1239 /* Menu-24.png in Resources */,
				6114C9001B43A2A800C73E5E /* Purchase Order-32.png in Resources */,
				61E574731B85B56E00D2BD21 /* Starred Ticket Filled-25.png in Resources */,
				6173AAD31B5791860049EB63 /* Message Filled-32.png in Resources */,
				61E9D70F1B5656AC00D36552 /* background.png in Resources */,
				61E308D71B2A997400BE36D0 /* Classroom Filled-50.png in Resources */,
				611660701B9552AF0032458B /* Expensive 2-50.png in Resources */,
				61FEC8EB1B678DE80095C52B /* default photo.jpg in Resources */,
				6100D0F61B86E62F005AEF65 /* iPad2-87.png in Resources */,
				6100D0F41B86E62F005AEF65 /* iPad2-58.png in Resources */,
				61F550901B2A768900E26A5D /* Main.storyboard in Resources */,
				6100D0F51B86E62F005AEF65 /* iPad2-80.png in Resources */,
				610B1A751B4CCCA400E3724D /* Paper Filled-50.png in Resources */,
				61E9D70D1B56513B00D36552 /* Add User-25.png in Resources */,
				612123ED1B411525000AA07D /* User-100.png in Resources */,
				6112A2321B4637F900DA4E77 /* Elective Filled-50.png in Resources */,
				610882C61B8C0A9700CEBBE5 /* childBackground.jpg in Resources */,
				61E574751B85B56E00D2BD21 /* Starred Ticket-25.png in Resources */,
				6173AAD11B5791190049EB63 /* Settings Filled-32.png in Resources */,
				61FE92E51B58B8BA003BABFE /* Up 4-25.png in Resources */,
				61FE92E41B58B8BA003BABFE /* Down 4-25.png in Resources */,
				6114855F1B65EB6000B54BBB /* ic_ischool.png in Resources */,
				61F550951B2A768900E26A5D /* LaunchScreen.xib in Resources */,
				61051F311B57463A00755ED5 /* background4.png in Resources */,
				61E574721B85B56E00D2BD21 /* Message Filled-32 White.png in Resources */,
				61F550921B2A768900E26A5D /* Images.xcassets in Resources */,
			);
			runOnlyForDeploymentPostprocessing = 0;
		};
		61F550981B2A768900E26A5D /* Resources */ = {
			isa = PBXResourcesBuildPhase;
			buildActionMask = 2147483647;
			files = (
			);
			runOnlyForDeploymentPostprocessing = 0;
		};
/* End PBXResourcesBuildPhase section */

/* Begin PBXSourcesBuildPhase section */
		61F5507F1B2A768900E26A5D /* Sources */ = {
			isa = PBXSourcesBuildPhase;
			buildActionMask = 2147483647;
			files = (
				61ABA7F21B4FB88B0071F9D4 /* MMDrawerVisualState.m in Sources */,
				61C513ED1B5CFD4700921D2A /* CourseScoreViewCtrl.swift in Sources */,
				614E45AC1B96CAD600DFE1F9 /* IAPManager.swift in Sources */,
				61763E3A1B2ECD3A004A0DCD /* oneAdminTeacher.xcdatamodeld in Sources */,
				61F5508D1B2A768900E26A5D /* SecondViewController.swift in Sources */,
				61E574781B85B64900D2BD21 /* OutboxSendViewCtrl.swift in Sources */,
				61B545661B426FC00099FB4B /* AdvanceInfoViewCtrl.swift in Sources */,
				6173AAD71B57A9930049EB63 /* DisplayViewCtrl.swift in Sources */,
				61C5E58C1B4BDF5E008F1DEF /* CommonStruct.swift in Sources */,
				6136ED5D1B3D0C560049E632 /* PrepareViewCtrl.swift in Sources */,
				61DACF6F1B6225FF001D5633 /* MessageCoreData.swift in Sources */,
				61072AD71B2EB25700554885 /* ee.swift in Sources */,
				61E574921B85C47100D2BD21 /* PDLineChart.swift in Sources */,
				615BB2621B3BE43100864052 /* SwiftyJSON.swift in Sources */,
				61F550891B2A768900E26A5D /* AppDelegate.swift in Sources */,
				6112A2301B46355300DA4E77 /* SemesterScoreViewCtrl.swift in Sources */,
				619D31E31B451647008409F9 /* DisciplineViewCtrl.swift in Sources */,
				61ABA7F11B4FB88B0071F9D4 /* MMDrawerController.m in Sources */,
				610882C41B8C067000CEBBE5 /* ScanCodeViewCtrl.swift in Sources */,
				6105832C1B4BAB4500274EEA /* ExamScoreViewCtrl.swift in Sources */,
				615BB25A1B3BD4F800864052 /* HttpClient.swift in Sources */,
				610EA13F1B8EC0A700EB54B0 /* PurchaseViewCtrl.swift in Sources */,
				61E5747E1B85C2E900D2BD21 /* WatchReaderListViewCtrl.swift in Sources */,
				61339E531BB29E9200757A46 /* KYCircularProgress.swift in Sources */,
				615BB2601B3BE3FC00864052 /* OAuthHelper.swift in Sources */,
				61ABA7F31B4FB88B0071F9D4 /* UIViewController+MMDrawerController.m in Sources */,
				61E574901B85C47100D2BD21 /* PDChart.swift in Sources */,
				61ABA7F01B4FB88B0071F9D4 /* MMDrawerBarButtonItem.m in Sources */,
				615BB2581B3BD47F00864052 /* DSUtil.swift in Sources */,
				61C5E58E1B4BE15A008F1DEF /* StudentCoreData.swift in Sources */,
				619C5EDA1B43C5500019C284 /* AttendanceViewCtrl.swift in Sources */,
				61E574931B85C47100D2BD21 /* PDPieChart.swift in Sources */,
				615BB2641B3BFC5A00864052 /* Global.swift in Sources */,
				611485611B65EEA400B54BBB /* NotificationService.swift in Sources */,
				61E574841B85C3E800D2BD21 /* ChartViewCtrl.swift in Sources */,
				61E574801B85C36900D2BD21 /* OptionSettingViewCtrl.swift in Sources */,
				61E574821B85C38200D2BD21 /* OptionEditViewCtrl.swift in Sources */,
				615BB25E1B3BDFDC00864052 /* LoginViewCtrl.swift in Sources */,
				61E5747C1B85C22000D2BD21 /* SelectTeacherPageViewCtrl.swift in Sources */,
				61C5E5901B4BE19E008F1DEF /* Extension.swift in Sources */,
				610C7EFD1B61E0B7001F7C4E /* KeyChain.swift in Sources */,
				61E574911B85C47100D2BD21 /* PDChartAxesComponent.swift in Sources */,
				61C8F2031B870798003387C0 /* ChildListViewCtrl.swift in Sources */,
				61072AD51B2E9E2A00554885 /* ss.swift in Sources */,
				619EA1D81B5F8F4500EE4BE7 /* MessageDetailViewCtrl.swift in Sources */,
				61076A5D1B5F3E5A00A0CC4C /* MessageViewCtrl.swift in Sources */,
				615BB25C1B3BD80300864052 /* Util.swift in Sources */,
				61E5748F1B85C47100D2BD21 /* PDBarChart.swift in Sources */,
				613E8B111B943C4A0020228E /* PaymentViewCtrl.swift in Sources */,
				612123F31B412BBB000AA07D /* StudentInfoViewCtrl.swift in Sources */,
				61ABA7F71B4FC7C70071F9D4 /* ClassViewCtrl.swift in Sources */,
				613C58811B2AC27D00461072 /* DetailViewCtrl.swift in Sources */,
				61ABA7F51B4FB92C0071F9D4 /* SideMenuViewCtrl.swift in Sources */,
				613C58791B2AB1CE00461072 /* CustomCell.swift in Sources */,
				610E0A541B537AC600186BF3 /* StudentDetailViewCtrl.swift in Sources */,
				61F550B01B2A7F5400E26A5D /* StudentViewCtrl.swift in Sources */,
				61F5508B1B2A768900E26A5D /* FirstViewController.swift in Sources */,
				619A056D1B8C790A0030276C /* KeyinViewCtrl.swift in Sources */,
				6189CFA71B3D43B00098AAD7 /* SchoolOptionsView.swift in Sources */,
			);
			runOnlyForDeploymentPostprocessing = 0;
		};
		61F550961B2A768900E26A5D /* Sources */ = {
			isa = PBXSourcesBuildPhase;
			buildActionMask = 2147483647;
			files = (
				61F550A11B2A768900E26A5D /* oneAdminTeacherTests.swift in Sources */,
			);
			runOnlyForDeploymentPostprocessing = 0;
		};
/* End PBXSourcesBuildPhase section */

/* Begin PBXTargetDependency section */
		61F5509C1B2A768900E26A5D /* PBXTargetDependency */ = {
			isa = PBXTargetDependency;
			target = 61F550821B2A768900E26A5D /* oneCampusParent */;
			targetProxy = 61F5509B1B2A768900E26A5D /* PBXContainerItemProxy */;
		};
/* End PBXTargetDependency section */

/* Begin PBXVariantGroup section */
		61F5508E1B2A768900E26A5D /* Main.storyboard */ = {
			isa = PBXVariantGroup;
			children = (
				61F5508F1B2A768900E26A5D /* Base */,
			);
			name = Main.storyboard;
			sourceTree = "<group>";
		};
		61F550931B2A768900E26A5D /* LaunchScreen.xib */ = {
			isa = PBXVariantGroup;
			children = (
				61F550941B2A768900E26A5D /* Base */,
			);
			name = LaunchScreen.xib;
			sourceTree = "<group>";
		};
/* End PBXVariantGroup section */

/* Begin XCBuildConfiguration section */
		61F550A21B2A768900E26A5D /* Debug */ = {
			isa = XCBuildConfiguration;
			buildSettings = {
				ALWAYS_SEARCH_USER_PATHS = NO;
				CLANG_CXX_LANGUAGE_STANDARD = "gnu++0x";
				CLANG_CXX_LIBRARY = "libc++";
				CLANG_ENABLE_MODULES = YES;
				CLANG_ENABLE_OBJC_ARC = YES;
				CLANG_WARN_BOOL_CONVERSION = YES;
				CLANG_WARN_CONSTANT_CONVERSION = YES;
				CLANG_WARN_DIRECT_OBJC_ISA_USAGE = YES_ERROR;
				CLANG_WARN_EMPTY_BODY = YES;
				CLANG_WARN_ENUM_CONVERSION = YES;
				CLANG_WARN_INT_CONVERSION = YES;
				CLANG_WARN_OBJC_ROOT_CLASS = YES_ERROR;
				CLANG_WARN_UNREACHABLE_CODE = YES;
				CLANG_WARN__DUPLICATE_METHOD_MATCH = YES;
				"CODE_SIGN_IDENTITY[sdk=iphoneos*]" = "iPhone Developer";
				COPY_PHASE_STRIP = NO;
				DEBUG_INFORMATION_FORMAT = "dwarf-with-dsym";
				ENABLE_STRICT_OBJC_MSGSEND = YES;
				GCC_C_LANGUAGE_STANDARD = gnu99;
				GCC_DYNAMIC_NO_PIC = NO;
				GCC_NO_COMMON_BLOCKS = YES;
				GCC_OPTIMIZATION_LEVEL = 0;
				GCC_PREPROCESSOR_DEFINITIONS = (
					"DEBUG=1",
					"$(inherited)",
				);
				GCC_SYMBOLS_PRIVATE_EXTERN = NO;
				GCC_WARN_64_TO_32_BIT_CONVERSION = YES;
				GCC_WARN_ABOUT_RETURN_TYPE = YES_ERROR;
				GCC_WARN_UNDECLARED_SELECTOR = YES;
				GCC_WARN_UNINITIALIZED_AUTOS = YES_AGGRESSIVE;
				GCC_WARN_UNUSED_FUNCTION = YES;
				GCC_WARN_UNUSED_VARIABLE = YES;
				IPHONEOS_DEPLOYMENT_TARGET = 8.0;
				MTL_ENABLE_DEBUG_INFO = YES;
				ONLY_ACTIVE_ARCH = YES;
				SDKROOT = iphoneos;
				SWIFT_OPTIMIZATION_LEVEL = "-Onone";
			};
			name = Debug;
		};
		61F550A31B2A768900E26A5D /* Release */ = {
			isa = XCBuildConfiguration;
			buildSettings = {
				ALWAYS_SEARCH_USER_PATHS = NO;
				CLANG_CXX_LANGUAGE_STANDARD = "gnu++0x";
				CLANG_CXX_LIBRARY = "libc++";
				CLANG_ENABLE_MODULES = YES;
				CLANG_ENABLE_OBJC_ARC = YES;
				CLANG_WARN_BOOL_CONVERSION = YES;
				CLANG_WARN_CONSTANT_CONVERSION = YES;
				CLANG_WARN_DIRECT_OBJC_ISA_USAGE = YES_ERROR;
				CLANG_WARN_EMPTY_BODY = YES;
				CLANG_WARN_ENUM_CONVERSION = YES;
				CLANG_WARN_INT_CONVERSION = YES;
				CLANG_WARN_OBJC_ROOT_CLASS = YES_ERROR;
				CLANG_WARN_UNREACHABLE_CODE = YES;
				CLANG_WARN__DUPLICATE_METHOD_MATCH = YES;
				"CODE_SIGN_IDENTITY[sdk=iphoneos*]" = "iPhone Developer";
				COPY_PHASE_STRIP = NO;
				DEBUG_INFORMATION_FORMAT = "dwarf-with-dsym";
				ENABLE_NS_ASSERTIONS = NO;
				ENABLE_STRICT_OBJC_MSGSEND = YES;
				GCC_C_LANGUAGE_STANDARD = gnu99;
				GCC_NO_COMMON_BLOCKS = YES;
				GCC_WARN_64_TO_32_BIT_CONVERSION = YES;
				GCC_WARN_ABOUT_RETURN_TYPE = YES_ERROR;
				GCC_WARN_UNDECLARED_SELECTOR = YES;
				GCC_WARN_UNINITIALIZED_AUTOS = YES_AGGRESSIVE;
				GCC_WARN_UNUSED_FUNCTION = YES;
				GCC_WARN_UNUSED_VARIABLE = YES;
				IPHONEOS_DEPLOYMENT_TARGET = 8.0;
				MTL_ENABLE_DEBUG_INFO = NO;
				SDKROOT = iphoneos;
				VALIDATE_PRODUCT = YES;
			};
			name = Release;
		};
		61F550A51B2A768900E26A5D /* Debug */ = {
			isa = XCBuildConfiguration;
			buildSettings = {
				ASSETCATALOG_COMPILER_APPICON_NAME = AppIcon;
				CLANG_ENABLE_MODULES = YES;
				CODE_SIGN_IDENTITY = "iPhone Developer";
				"CODE_SIGN_IDENTITY[sdk=iphoneos*]" = "iPhone Developer";
				FRAMEWORK_SEARCH_PATHS = (
					"$(inherited)",
					"$(PROJECT_DIR)",
				);
				INFOPLIST_FILE = oneAdminTeacher/Info.plist;
				LD_RUNPATH_SEARCH_PATHS = "$(inherited) @executable_path/Frameworks";
				PRODUCT_NAME = oneCampusParent;
				PROVISIONING_PROFILE = "";
				SWIFT_INSTALL_OBJC_HEADER = YES;
				SWIFT_OBJC_BRIDGING_HEADER = "oneAdminTeacher-Bridging-Header.h";
				SWIFT_OPTIMIZATION_LEVEL = "-Onone";
			};
			name = Debug;
		};
		61F550A61B2A768900E26A5D /* Release */ = {
			isa = XCBuildConfiguration;
			buildSettings = {
				ASSETCATALOG_COMPILER_APPICON_NAME = AppIcon;
				CLANG_ENABLE_MODULES = YES;
				CODE_SIGN_IDENTITY = "iPhone Developer";
				"CODE_SIGN_IDENTITY[sdk=iphoneos*]" = "iPhone Developer";
				FRAMEWORK_SEARCH_PATHS = (
					"$(inherited)",
					"$(PROJECT_DIR)",
				);
				INFOPLIST_FILE = oneAdminTeacher/Info.plist;
				LD_RUNPATH_SEARCH_PATHS = "$(inherited) @executable_path/Frameworks";
				PRODUCT_NAME = oneCampusParent;
				PROVISIONING_PROFILE = "";
				SWIFT_INSTALL_OBJC_HEADER = YES;
				SWIFT_OBJC_BRIDGING_HEADER = "oneAdminTeacher-Bridging-Header.h";
			};
			name = Release;
		};
		61F550A81B2A768900E26A5D /* Debug */ = {
			isa = XCBuildConfiguration;
			buildSettings = {
				BUNDLE_LOADER = "$(TEST_HOST)";
				FRAMEWORK_SEARCH_PATHS = (
					"$(SDKROOT)/Developer/Library/Frameworks",
					"$(inherited)",
				);
				GCC_PREPROCESSOR_DEFINITIONS = (
					"DEBUG=1",
					"$(inherited)",
				);
				INFOPLIST_FILE = oneAdminTeacherTests/Info.plist;
				LD_RUNPATH_SEARCH_PATHS = "$(inherited) @executable_path/Frameworks @loader_path/Frameworks";
				PRODUCT_NAME = oneCampusParentTests;
				TEST_HOST = "$(BUILT_PRODUCTS_DIR)/oneAdminTeacher.app/oneAdminTeacher";
			};
			name = Debug;
		};
		61F550A91B2A768900E26A5D /* Release */ = {
			isa = XCBuildConfiguration;
			buildSettings = {
				BUNDLE_LOADER = "$(TEST_HOST)";
				FRAMEWORK_SEARCH_PATHS = (
					"$(SDKROOT)/Developer/Library/Frameworks",
					"$(inherited)",
				);
				INFOPLIST_FILE = oneAdminTeacherTests/Info.plist;
				LD_RUNPATH_SEARCH_PATHS = "$(inherited) @executable_path/Frameworks @loader_path/Frameworks";
				PRODUCT_NAME = oneCampusParentTests;
				TEST_HOST = "$(BUILT_PRODUCTS_DIR)/oneAdminTeacher.app/oneAdminTeacher";
			};
			name = Release;
		};
/* End XCBuildConfiguration section */

/* Begin XCConfigurationList section */
		61F5507E1B2A768900E26A5D /* Build configuration list for PBXProject "oneCampusParent" */ = {
			isa = XCConfigurationList;
			buildConfigurations = (
				61F550A21B2A768900E26A5D /* Debug */,
				61F550A31B2A768900E26A5D /* Release */,
			);
			defaultConfigurationIsVisible = 0;
			defaultConfigurationName = Release;
		};
		61F550A41B2A768900E26A5D /* Build configuration list for PBXNativeTarget "oneCampusParent" */ = {
			isa = XCConfigurationList;
			buildConfigurations = (
				61F550A51B2A768900E26A5D /* Debug */,
				61F550A61B2A768900E26A5D /* Release */,
			);
			defaultConfigurationIsVisible = 0;
			defaultConfigurationName = Release;
		};
		61F550A71B2A768900E26A5D /* Build configuration list for PBXNativeTarget "oneCampusParentTests" */ = {
			isa = XCConfigurationList;
			buildConfigurations = (
				61F550A81B2A768900E26A5D /* Debug */,
				61F550A91B2A768900E26A5D /* Release */,
			);
			defaultConfigurationIsVisible = 0;
			defaultConfigurationName = Release;
		};
/* End XCConfigurationList section */

/* Begin XCVersionGroup section */
		61763E381B2ECD3A004A0DCD /* oneAdminTeacher.xcdatamodeld */ = {
			isa = XCVersionGroup;
			children = (
				61763E391B2ECD3A004A0DCD /* oneAdminTeacher.xcdatamodel */,
			);
			currentVersion = 61763E391B2ECD3A004A0DCD /* oneAdminTeacher.xcdatamodel */;
			path = oneAdminTeacher.xcdatamodeld;
			sourceTree = "<group>";
			versionGroupType = wrapper.xcdatamodel;
		};
/* End XCVersionGroup section */
	};
	rootObject = 61F5507B1B2A768900E26A5D /* Project object */;
}
